schema: '2.0'
stages:
  load_data:
    cmd: PYTHONPATH="." python project/load_data/load_data.py --config-path params.yaml
    deps:
    - path: project/load_data/load_data.py
      md5: 474695a412bc3bb5de28cd968d130b8f
      size: 990
    outs:
    - path: data/load_raw
      md5: 367fd690a76a537d38ddd21dce065eab.dir
      size: 3739
      nfiles: 2
  prepair_target:
    cmd: PYTHONPATH="." python project/prepair_target/prepair_target.py --config-path
      params.yaml
    deps:
    - path: data/load_raw
      md5: 367fd690a76a537d38ddd21dce065eab.dir
      size: 3739
      nfiles: 2
    - path: project/prepair_target/prepair_target.py
      md5: 6fa849da757793bee5525d7545d988fc
      size: 1083
    params:
      params.yaml:
        prepare_target:
          target_group: all
    outs:
    - path: data/prepare_targets
      md5: 37f78105e8f39f6eff7650185e52ce4d.dir
      size: 803
      nfiles: 1
  prepair_features:
    cmd: PYTHONPATH="." python project/prepair_features/prepair_features.py --config-path
      params.yaml
    deps:
    - path: data/load_raw
      md5: 367fd690a76a537d38ddd21dce065eab.dir
      size: 3739
      nfiles: 2
    - path: project/prepair_features/prepair_features.py
      md5: e27541db5771953df00bcc5e7d9ea7ac
      size: 1157
    params:
      params.yaml:
        prepare_features:
          features_group: sepal_group
    outs:
    - path: data/prepare_features
      md5: 6d0ea74bf0556c681c43770e6000bb5b.dir
      size: 1716
      nfiles: 1
  merge:
    cmd: PYTHONPATH="." python project/merge/merge.py --config-path params.yaml
    deps:
    - path: data/prepare_features
      md5: 6d0ea74bf0556c681c43770e6000bb5b.dir
      size: 1716
      nfiles: 1
    - path: data/prepare_targets
      md5: 37f78105e8f39f6eff7650185e52ce4d.dir
      size: 803
      nfiles: 1
    - path: project/merge/merge.py
      md5: 1b8765552b8962ad7509af895dd0bf54
      size: 979
    params:
      params.yaml:
        joined:
          how: inner
    outs:
    - path: data/joined
      md5: d41b65d4e2c312a326624110b4fdeb00.dir
      size: 1527
      nfiles: 1
  prepair_dataset:
    cmd: PYTHONPATH="." python project/prepair_dataset/prepair_dataset.py --config-path
      params.yaml
    deps:
    - path: data/joined
      md5: d41b65d4e2c312a326624110b4fdeb00.dir
      size: 1527
      nfiles: 1
    - path: project/prepair_dataset/prepair_dataset.py
      md5: c3f82507dd5c2aa51fd234ecd7606c04
      size: 1008
    params:
      params.yaml:
        prepare_dataset:
          ratio: 0.1
    outs:
    - path: data/prepare_dataset
      md5: c9ead1b881e7c16a38f1f6df3a33bf67.dir
      size: 1554
      nfiles: 2
  train_models:
    cmd: PYTHONPATH="." python project/train_model/train_model.py --config-path params.yaml
    deps:
    - path: data/prepare_dataset
      md5: c9ead1b881e7c16a38f1f6df3a33bf67.dir
      size: 1554
      nfiles: 2
    - path: project/train_model/train_model.py
      md5: 509bd70f854a5bcc6bbde84f270ad172
      size: 1242
    params:
      params.yaml:
        train_model:
          model_name: decision_tree
          metrics:
          - precision
          - recall
          - accuracy
    outs:
    - path: data/metrics/train_metrics.json
      md5: ccace45fe29a1231b3ca9c6bb61b903c
      size: 109
    - path: data/train_model
      md5: ccc178ce6a5f0b0d800207cd23a61950.dir
      size: 7979
      nfiles: 1
  eval_model:
    cmd: PYTHONPATH="." python project/eval_model/eval_model.py --config-path params.yaml
    deps:
    - path: data/train_model
      md5: ccc178ce6a5f0b0d800207cd23a61950.dir
      size: 7979
      nfiles: 1
    - path: project/eval_model/eval_model.py
      md5: 146be0536509f80fe97ce7fbc4044748
      size: 1102
    params:
      params.yaml:
        eval_model:
          model_name: decision_tree
          metrics:
          - precision
          - recall
          - accuracy
    outs:
    - path: data/metrics/test_metrics.json
      md5: 0ecb756853857d1062b5721e810fd719
      size: 65
  mlflow_log:
    cmd: PYTHONPATH="." python project/mlflow_log/mlflow_log.py --config-path params.yaml
    deps:
    - path: data/metrics/test_metrics.json
      md5: 0ecb756853857d1062b5721e810fd719
      size: 65
    - path: project/mlflow_log/mlflow_log.py
      md5: 9dab9fd4aac2ddaebabeb8389e0f8b37
      size: 1116
    params:
      params.yaml:
        mlflow_log:
          experiment_name: test1
          run_name: test_run_name
  train:
    cmd: PYTHONPATH="." python lib/train.py --config-path params.yaml
    deps:
    - path: lib/train.py
      md5: 486ed805a1b52d65a6a9457931e18283
      size: 2002
    params:
      params.yaml:
        train:
          test_size: 0.9
    outs:
    - path: data/train
      md5: 09c7e2106ea2b1723e8aaeb9c12ffada.dir
      size: 16053
      nfiles: 4
  eval:
    cmd: PYTHONPATH="." python lib/eval.py --config-path params.yaml
    deps:
    - path: data/train
      md5: 09c7e2106ea2b1723e8aaeb9c12ffada.dir
      size: 16053
      nfiles: 4
    - path: lib/eval.py
      md5: 2730124a7253ef647252d10ed5f50d22
      size: 1205
    params:
      params.yaml:
        eval:
          metrics:
          - precision
          - recall
          - accuracy
    outs:
    - path: data/eval
      md5: 1c6160cb43e067815bf2c14fc137ed92.dir
      size: 10791
      nfiles: 1
    - path: data/metrics.json
      md5: f2a2f0f5428edebc3c5c6e09e4328f10
      size: 95
